
Microsoft Visual Studio Solution File, Format Version 12.00
# Visual Studio 14
VisualStudioVersion = 14.0.24720.0
MinimumVisualStudioVersion = 10.0.40219.1
Project("{FAE04EC0-301F-11D3-BF4B-00C04F79EFBC}") = "webapp", "webapp\webapp.csproj", "{603B0D2B-DEFE-4492-AFDE-10BBF6BFC56D}"
EndProject
Project("{FAE04EC0-301F-11D3-BF4B-00C04F79EFBC}") = "ring1", "ring1\ring1.csproj", "{475D1067-D631-4145-B09B-E1FD068F57E3}"
EndProject
Project("{2150E333-8FDC-42A3-9474-1A3956D46DE8}") = "fas", "fas", "{854F7BE5-CC25-4469-B544-E932B3EAA1F7}"
EndProject
Project("{2150E333-8FDC-42A3-9474-1A3956D46DE8}") = "nancy", "nancy", "{379CA240-3A70-41C7-A4E3-39489DEA6501}"
EndProject
Project("{FAE04EC0-301F-11D3-BF4B-00C04F79EFBC}") = "Nancy", "fas\Nancy\src\Nancy\Nancy.csproj", "{34576216-0DCA-4B0F-A0DC-9075E75A676F}"
EndProject
Project("{FAE04EC0-301F-11D3-BF4B-00C04F79EFBC}") = "Nancy.Owin", "fas\Nancy\src\Nancy.Owin\Nancy.Owin.csproj", "{D6B2480C-2A52-4D02-9477-D387D7A486E5}"
EndProject
Project("{FAE04EC0-301F-11D3-BF4B-00C04F79EFBC}") = "Nancy.Bootstrappers.Ninject", "fas\Nancy.Bootstrappers.Ninject\src\Nancy.Bootstrappers.Ninject\Nancy.Bootstrappers.Ninject.csproj", "{760A88F1-7CEA-47FE-86AC-4F75609100F2}"
EndProject
Project("{FAE04EC0-301F-11D3-BF4B-00C04F79EFBC}") = "Nancy.Testing", "fas\Nancy\src\Nancy.Testing\Nancy.Testing.csproj", "{D79203C0-B672-4751-9C95-C3AB7D3FEFBE}"
EndProject
Project("{FAE04EC0-301F-11D3-BF4B-00C04F79EFBC}") = "Nancy.Authentication.Forms", "fas\Nancy\src\Nancy.Authentication.Forms\Nancy.Authentication.Forms.csproj", "{E8B18958-7C8A-4FBA-AF00-3041C34A20CE}"
EndProject
Project("{FAE04EC0-301F-11D3-BF4B-00C04F79EFBC}") = "shared", "shared\shared.csproj", "{F8CCFB67-A37A-40A4-834B-0C150E188A4E}"
EndProject
Project("{FAE04EC0-301F-11D3-BF4B-00C04F79EFBC}") = "ring0", "ring0\ring0.csproj", "{137D8264-9B3F-414D-A41A-3FB4FAB37A71}"
EndProject
Project("{2150E333-8FDC-42A3-9474-1A3956D46DE8}") = "eve", "eve", "{47BC6A5B-9F93-4CAF-B4E4-B37DECFDDCF6}"
EndProject
Project("{FAE04EC0-301F-11D3-BF4B-00C04F79EFBC}") = "EveLib.Core", "fas\evelib\EveLib.Core\EveLib.Core.csproj", "{AA85978C-2BF5-419F-9F8E-B70162E83F34}"
EndProject
Project("{FAE04EC0-301F-11D3-BF4B-00C04F79EFBC}") = "EveLib.EveXml", "fas\evelib\EveLib.EveXml\EveLib.EveXml.csproj", "{655CA737-CD94-4128-B2B5-DCE37EA6E7F8}"
EndProject
Project("{FAE04EC0-301F-11D3-BF4B-00C04F79EFBC}") = "ring2", "ring2\ring2.csproj", "{CB6C92D8-DF61-491A-9895-CA2C6CF7B6A5}"
EndProject
Project("{FAE04EC0-301F-11D3-BF4B-00C04F79EFBC}") = "domain", "domain\domain.csproj", "{CB8E3F45-DE62-420D-A164-3430F2C35705}"
EndProject
Project("{FAE04EC0-301F-11D3-BF4B-00C04F79EFBC}") = "data", "data\data.csproj", "{7C0C53F2-0733-49DE-8BF2-425267A3D7D7}"
EndProject
Project("{FAE04EC0-301F-11D3-BF4B-00C04F79EFBC}") = "services", "services\services.csproj", "{938ECF13-A4D9-4858-8B40-4AE44126F10B}"
EndProject
Project("{FAE04EC0-301F-11D3-BF4B-00C04F79EFBC}") = "api", "api\api.csproj", "{2FEED3DD-C782-49C2-8679-20BEC802396B}"
EndProject
Project("{FAE04EC0-301F-11D3-BF4B-00C04F79EFBC}") = "dto", "dto\dto.csproj", "{3B9177CF-0BC5-4A73-8EA5-76B5FE268F0A}"
EndProject
Global
	GlobalSection(SolutionConfigurationPlatforms) = preSolution
		Debug|Any CPU = Debug|Any CPU
		MonoDebug|Any CPU = MonoDebug|Any CPU
		MonoRelease|Any CPU = MonoRelease|Any CPU
		Release|Any CPU = Release|Any CPU
	EndGlobalSection
	GlobalSection(ProjectConfigurationPlatforms) = postSolution
		{603B0D2B-DEFE-4492-AFDE-10BBF6BFC56D}.Debug|Any CPU.ActiveCfg = Debug|Any CPU
		{603B0D2B-DEFE-4492-AFDE-10BBF6BFC56D}.Debug|Any CPU.Build.0 = Debug|Any CPU
		{603B0D2B-DEFE-4492-AFDE-10BBF6BFC56D}.MonoDebug|Any CPU.ActiveCfg = Debug|Any CPU
		{603B0D2B-DEFE-4492-AFDE-10BBF6BFC56D}.MonoDebug|Any CPU.Build.0 = Debug|Any CPU
		{603B0D2B-DEFE-4492-AFDE-10BBF6BFC56D}.MonoRelease|Any CPU.ActiveCfg = Release|Any CPU
		{603B0D2B-DEFE-4492-AFDE-10BBF6BFC56D}.MonoRelease|Any CPU.Build.0 = Release|Any CPU
		{603B0D2B-DEFE-4492-AFDE-10BBF6BFC56D}.Release|Any CPU.ActiveCfg = Release|Any CPU
		{603B0D2B-DEFE-4492-AFDE-10BBF6BFC56D}.Release|Any CPU.Build.0 = Release|Any CPU
		{475D1067-D631-4145-B09B-E1FD068F57E3}.Debug|Any CPU.ActiveCfg = Debug|Any CPU
		{475D1067-D631-4145-B09B-E1FD068F57E3}.Debug|Any CPU.Build.0 = Debug|Any CPU
		{475D1067-D631-4145-B09B-E1FD068F57E3}.MonoDebug|Any CPU.ActiveCfg = Debug|Any CPU
		{475D1067-D631-4145-B09B-E1FD068F57E3}.MonoDebug|Any CPU.Build.0 = Debug|Any CPU
		{475D1067-D631-4145-B09B-E1FD068F57E3}.MonoRelease|Any CPU.ActiveCfg = Release|Any CPU
		{475D1067-D631-4145-B09B-E1FD068F57E3}.MonoRelease|Any CPU.Build.0 = Release|Any CPU
		{475D1067-D631-4145-B09B-E1FD068F57E3}.Release|Any CPU.ActiveCfg = Release|Any CPU
		{475D1067-D631-4145-B09B-E1FD068F57E3}.Release|Any CPU.Build.0 = Release|Any CPU
		{34576216-0DCA-4B0F-A0DC-9075E75A676F}.Debug|Any CPU.ActiveCfg = Debug|Any CPU
		{34576216-0DCA-4B0F-A0DC-9075E75A676F}.Debug|Any CPU.Build.0 = Debug|Any CPU
		{34576216-0DCA-4B0F-A0DC-9075E75A676F}.MonoDebug|Any CPU.ActiveCfg = MonoDebug|Any CPU
		{34576216-0DCA-4B0F-A0DC-9075E75A676F}.MonoDebug|Any CPU.Build.0 = MonoDebug|Any CPU
		{34576216-0DCA-4B0F-A0DC-9075E75A676F}.MonoRelease|Any CPU.ActiveCfg = MonoRelease|Any CPU
		{34576216-0DCA-4B0F-A0DC-9075E75A676F}.MonoRelease|Any CPU.Build.0 = MonoRelease|Any CPU
		{34576216-0DCA-4B0F-A0DC-9075E75A676F}.Release|Any CPU.ActiveCfg = Release|Any CPU
		{34576216-0DCA-4B0F-A0DC-9075E75A676F}.Release|Any CPU.Build.0 = Release|Any CPU
		{D6B2480C-2A52-4D02-9477-D387D7A486E5}.Debug|Any CPU.ActiveCfg = Debug|Any CPU
		{D6B2480C-2A52-4D02-9477-D387D7A486E5}.Debug|Any CPU.Build.0 = Debug|Any CPU
		{D6B2480C-2A52-4D02-9477-D387D7A486E5}.MonoDebug|Any CPU.ActiveCfg = MonoDebug|Any CPU
		{D6B2480C-2A52-4D02-9477-D387D7A486E5}.MonoDebug|Any CPU.Build.0 = MonoDebug|Any CPU
		{D6B2480C-2A52-4D02-9477-D387D7A486E5}.MonoRelease|Any CPU.ActiveCfg = MonoRelease|Any CPU
		{D6B2480C-2A52-4D02-9477-D387D7A486E5}.MonoRelease|Any CPU.Build.0 = MonoRelease|Any CPU
		{D6B2480C-2A52-4D02-9477-D387D7A486E5}.Release|Any CPU.ActiveCfg = Release|Any CPU
		{D6B2480C-2A52-4D02-9477-D387D7A486E5}.Release|Any CPU.Build.0 = Release|Any CPU
		{760A88F1-7CEA-47FE-86AC-4F75609100F2}.Debug|Any CPU.ActiveCfg = Debug|Any CPU
		{760A88F1-7CEA-47FE-86AC-4F75609100F2}.Debug|Any CPU.Build.0 = Debug|Any CPU
		{760A88F1-7CEA-47FE-86AC-4F75609100F2}.MonoDebug|Any CPU.ActiveCfg = Debug|Any CPU
		{760A88F1-7CEA-47FE-86AC-4F75609100F2}.MonoDebug|Any CPU.Build.0 = Debug|Any CPU
		{760A88F1-7CEA-47FE-86AC-4F75609100F2}.MonoRelease|Any CPU.ActiveCfg = Release|Any CPU
		{760A88F1-7CEA-47FE-86AC-4F75609100F2}.MonoRelease|Any CPU.Build.0 = Release|Any CPU
		{760A88F1-7CEA-47FE-86AC-4F75609100F2}.Release|Any CPU.ActiveCfg = Release|Any CPU
		{760A88F1-7CEA-47FE-86AC-4F75609100F2}.Release|Any CPU.Build.0 = Release|Any CPU
		{D79203C0-B672-4751-9C95-C3AB7D3FEFBE}.Debug|Any CPU.ActiveCfg = Debug|Any CPU
		{D79203C0-B672-4751-9C95-C3AB7D3FEFBE}.Debug|Any CPU.Build.0 = Debug|Any CPU
		{D79203C0-B672-4751-9C95-C3AB7D3FEFBE}.MonoDebug|Any CPU.ActiveCfg = MonoDebug|Any CPU
		{D79203C0-B672-4751-9C95-C3AB7D3FEFBE}.MonoDebug|Any CPU.Build.0 = MonoDebug|Any CPU
		{D79203C0-B672-4751-9C95-C3AB7D3FEFBE}.MonoRelease|Any CPU.ActiveCfg = MonoRelease|Any CPU
		{D79203C0-B672-4751-9C95-C3AB7D3FEFBE}.MonoRelease|Any CPU.Build.0 = MonoRelease|Any CPU
		{D79203C0-B672-4751-9C95-C3AB7D3FEFBE}.Release|Any CPU.ActiveCfg = Release|Any CPU
		{D79203C0-B672-4751-9C95-C3AB7D3FEFBE}.Release|Any CPU.Build.0 = Release|Any CPU
		{E8B18958-7C8A-4FBA-AF00-3041C34A20CE}.Debug|Any CPU.ActiveCfg = Debug|Any CPU
		{E8B18958-7C8A-4FBA-AF00-3041C34A20CE}.Debug|Any CPU.Build.0 = Debug|Any CPU
		{E8B18958-7C8A-4FBA-AF00-3041C34A20CE}.MonoDebug|Any CPU.ActiveCfg = MonoDebug|Any CPU
		{E8B18958-7C8A-4FBA-AF00-3041C34A20CE}.MonoDebug|Any CPU.Build.0 = MonoDebug|Any CPU
		{E8B18958-7C8A-4FBA-AF00-3041C34A20CE}.MonoRelease|Any CPU.ActiveCfg = MonoRelease|Any CPU
		{E8B18958-7C8A-4FBA-AF00-3041C34A20CE}.MonoRelease|Any CPU.Build.0 = MonoRelease|Any CPU
		{E8B18958-7C8A-4FBA-AF00-3041C34A20CE}.Release|Any CPU.ActiveCfg = Release|Any CPU
		{E8B18958-7C8A-4FBA-AF00-3041C34A20CE}.Release|Any CPU.Build.0 = Release|Any CPU
		{F8CCFB67-A37A-40A4-834B-0C150E188A4E}.Debug|Any CPU.ActiveCfg = Debug|Any CPU
		{F8CCFB67-A37A-40A4-834B-0C150E188A4E}.Debug|Any CPU.Build.0 = Debug|Any CPU
		{F8CCFB67-A37A-40A4-834B-0C150E188A4E}.MonoDebug|Any CPU.ActiveCfg = Debug|Any CPU
		{F8CCFB67-A37A-40A4-834B-0C150E188A4E}.MonoDebug|Any CPU.Build.0 = Debug|Any CPU
		{F8CCFB67-A37A-40A4-834B-0C150E188A4E}.MonoRelease|Any CPU.ActiveCfg = Release|Any CPU
		{F8CCFB67-A37A-40A4-834B-0C150E188A4E}.MonoRelease|Any CPU.Build.0 = Release|Any CPU
		{F8CCFB67-A37A-40A4-834B-0C150E188A4E}.Release|Any CPU.ActiveCfg = Release|Any CPU
		{F8CCFB67-A37A-40A4-834B-0C150E188A4E}.Release|Any CPU.Build.0 = Release|Any CPU
		{137D8264-9B3F-414D-A41A-3FB4FAB37A71}.Debug|Any CPU.ActiveCfg = Debug|Any CPU
		{137D8264-9B3F-414D-A41A-3FB4FAB37A71}.Debug|Any CPU.Build.0 = Debug|Any CPU
		{137D8264-9B3F-414D-A41A-3FB4FAB37A71}.MonoDebug|Any CPU.ActiveCfg = Debug|Any CPU
		{137D8264-9B3F-414D-A41A-3FB4FAB37A71}.MonoDebug|Any CPU.Build.0 = Debug|Any CPU
		{137D8264-9B3F-414D-A41A-3FB4FAB37A71}.MonoRelease|Any CPU.ActiveCfg = Release|Any CPU
		{137D8264-9B3F-414D-A41A-3FB4FAB37A71}.MonoRelease|Any CPU.Build.0 = Release|Any CPU
		{137D8264-9B3F-414D-A41A-3FB4FAB37A71}.Release|Any CPU.ActiveCfg = Release|Any CPU
		{137D8264-9B3F-414D-A41A-3FB4FAB37A71}.Release|Any CPU.Build.0 = Release|Any CPU
		{AA85978C-2BF5-419F-9F8E-B70162E83F34}.Debug|Any CPU.ActiveCfg = Debug|Any CPU
		{AA85978C-2BF5-419F-9F8E-B70162E83F34}.Debug|Any CPU.Build.0 = Debug|Any CPU
		{AA85978C-2BF5-419F-9F8E-B70162E83F34}.MonoDebug|Any CPU.ActiveCfg = Debug|Any CPU
		{AA85978C-2BF5-419F-9F8E-B70162E83F34}.MonoDebug|Any CPU.Build.0 = Debug|Any CPU
		{AA85978C-2BF5-419F-9F8E-B70162E83F34}.MonoRelease|Any CPU.ActiveCfg = Release|Any CPU
		{AA85978C-2BF5-419F-9F8E-B70162E83F34}.MonoRelease|Any CPU.Build.0 = Release|Any CPU
		{AA85978C-2BF5-419F-9F8E-B70162E83F34}.Release|Any CPU.ActiveCfg = Release|Any CPU
		{AA85978C-2BF5-419F-9F8E-B70162E83F34}.Release|Any CPU.Build.0 = Release|Any CPU
		{655CA737-CD94-4128-B2B5-DCE37EA6E7F8}.Debug|Any CPU.ActiveCfg = Debug|Any CPU
		{655CA737-CD94-4128-B2B5-DCE37EA6E7F8}.Debug|Any CPU.Build.0 = Debug|Any CPU
		{655CA737-CD94-4128-B2B5-DCE37EA6E7F8}.MonoDebug|Any CPU.ActiveCfg = Debug|Any CPU
		{655CA737-CD94-4128-B2B5-DCE37EA6E7F8}.MonoDebug|Any CPU.Build.0 = Debug|Any CPU
		{655CA737-CD94-4128-B2B5-DCE37EA6E7F8}.MonoRelease|Any CPU.ActiveCfg = Release|Any CPU
		{655CA737-CD94-4128-B2B5-DCE37EA6E7F8}.MonoRelease|Any CPU.Build.0 = Release|Any CPU
		{655CA737-CD94-4128-B2B5-DCE37EA6E7F8}.Release|Any CPU.ActiveCfg = Release|Any CPU
		{655CA737-CD94-4128-B2B5-DCE37EA6E7F8}.Release|Any CPU.Build.0 = Release|Any CPU
		{CB6C92D8-DF61-491A-9895-CA2C6CF7B6A5}.Debug|Any CPU.ActiveCfg = Debug|Any CPU
		{CB6C92D8-DF61-491A-9895-CA2C6CF7B6A5}.Debug|Any CPU.Build.0 = Debug|Any CPU
		{CB6C92D8-DF61-491A-9895-CA2C6CF7B6A5}.MonoDebug|Any CPU.ActiveCfg = Debug|Any CPU
		{CB6C92D8-DF61-491A-9895-CA2C6CF7B6A5}.MonoDebug|Any CPU.Build.0 = Debug|Any CPU
		{CB6C92D8-DF61-491A-9895-CA2C6CF7B6A5}.MonoRelease|Any CPU.ActiveCfg = Release|Any CPU
		{CB6C92D8-DF61-491A-9895-CA2C6CF7B6A5}.MonoRelease|Any CPU.Build.0 = Release|Any CPU
		{CB6C92D8-DF61-491A-9895-CA2C6CF7B6A5}.Release|Any CPU.ActiveCfg = Release|Any CPU
		{CB6C92D8-DF61-491A-9895-CA2C6CF7B6A5}.Release|Any CPU.Build.0 = Release|Any CPU
		{CB8E3F45-DE62-420D-A164-3430F2C35705}.Debug|Any CPU.ActiveCfg = Debug|Any CPU
		{CB8E3F45-DE62-420D-A164-3430F2C35705}.Debug|Any CPU.Build.0 = Debug|Any CPU
		{CB8E3F45-DE62-420D-A164-3430F2C35705}.MonoDebug|Any CPU.ActiveCfg = Debug|Any CPU
		{CB8E3F45-DE62-420D-A164-3430F2C35705}.MonoDebug|Any CPU.Build.0 = Debug|Any CPU
		{CB8E3F45-DE62-420D-A164-3430F2C35705}.MonoRelease|Any CPU.ActiveCfg = Release|Any CPU
		{CB8E3F45-DE62-420D-A164-3430F2C35705}.MonoRelease|Any CPU.Build.0 = Release|Any CPU
		{CB8E3F45-DE62-420D-A164-3430F2C35705}.Release|Any CPU.ActiveCfg = Release|Any CPU
		{CB8E3F45-DE62-420D-A164-3430F2C35705}.Release|Any CPU.Build.0 = Release|Any CPU
		{7C0C53F2-0733-49DE-8BF2-425267A3D7D7}.Debug|Any CPU.ActiveCfg = Debug|Any CPU
		{7C0C53F2-0733-49DE-8BF2-425267A3D7D7}.Debug|Any CPU.Build.0 = Debug|Any CPU
		{7C0C53F2-0733-49DE-8BF2-425267A3D7D7}.MonoDebug|Any CPU.ActiveCfg = Debug|Any CPU
		{7C0C53F2-0733-49DE-8BF2-425267A3D7D7}.MonoDebug|Any CPU.Build.0 = Debug|Any CPU
		{7C0C53F2-0733-49DE-8BF2-425267A3D7D7}.MonoRelease|Any CPU.ActiveCfg = Release|Any CPU
		{7C0C53F2-0733-49DE-8BF2-425267A3D7D7}.MonoRelease|Any CPU.Build.0 = Release|Any CPU
		{7C0C53F2-0733-49DE-8BF2-425267A3D7D7}.Release|Any CPU.ActiveCfg = Release|Any CPU
		{7C0C53F2-0733-49DE-8BF2-425267A3D7D7}.Release|Any CPU.Build.0 = Release|Any CPU
		{938ECF13-A4D9-4858-8B40-4AE44126F10B}.Debug|Any CPU.ActiveCfg = Debug|Any CPU
		{938ECF13-A4D9-4858-8B40-4AE44126F10B}.Debug|Any CPU.Build.0 = Debug|Any CPU
		{938ECF13-A4D9-4858-8B40-4AE44126F10B}.MonoDebug|Any CPU.ActiveCfg = Debug|Any CPU
		{938ECF13-A4D9-4858-8B40-4AE44126F10B}.MonoDebug|Any CPU.Build.0 = Debug|Any CPU
		{938ECF13-A4D9-4858-8B40-4AE44126F10B}.MonoRelease|Any CPU.ActiveCfg = Release|Any CPU
		{938ECF13-A4D9-4858-8B40-4AE44126F10B}.MonoRelease|Any CPU.Build.0 = Release|Any CPU
		{938ECF13-A4D9-4858-8B40-4AE44126F10B}.Release|Any CPU.ActiveCfg = Release|Any CPU
		{938ECF13-A4D9-4858-8B40-4AE44126F10B}.Release|Any CPU.Build.0 = Release|Any CPU
		{2FEED3DD-C782-49C2-8679-20BEC802396B}.Debug|Any CPU.ActiveCfg = Debug|Any CPU
		{2FEED3DD-C782-49C2-8679-20BEC802396B}.Debug|Any CPU.Build.0 = Debug|Any CPU
		{2FEED3DD-C782-49C2-8679-20BEC802396B}.MonoDebug|Any CPU.ActiveCfg = Debug|Any CPU
		{2FEED3DD-C782-49C2-8679-20BEC802396B}.MonoDebug|Any CPU.Build.0 = Debug|Any CPU
		{2FEED3DD-C782-49C2-8679-20BEC802396B}.MonoRelease|Any CPU.ActiveCfg = Release|Any CPU
		{2FEED3DD-C782-49C2-8679-20BEC802396B}.MonoRelease|Any CPU.Build.0 = Release|Any CPU
		{2FEED3DD-C782-49C2-8679-20BEC802396B}.Release|Any CPU.ActiveCfg = Release|Any CPU
		{2FEED3DD-C782-49C2-8679-20BEC802396B}.Release|Any CPU.Build.0 = Release|Any CPU
		{3B9177CF-0BC5-4A73-8EA5-76B5FE268F0A}.Debug|Any CPU.ActiveCfg = Debug|Any CPU
		{3B9177CF-0BC5-4A73-8EA5-76B5FE268F0A}.Debug|Any CPU.Build.0 = Debug|Any CPU
		{3B9177CF-0BC5-4A73-8EA5-76B5FE268F0A}.MonoDebug|Any CPU.ActiveCfg = Debug|Any CPU
		{3B9177CF-0BC5-4A73-8EA5-76B5FE268F0A}.MonoDebug|Any CPU.Build.0 = Debug|Any CPU
		{3B9177CF-0BC5-4A73-8EA5-76B5FE268F0A}.MonoRelease|Any CPU.ActiveCfg = Release|Any CPU
		{3B9177CF-0BC5-4A73-8EA5-76B5FE268F0A}.MonoRelease|Any CPU.Build.0 = Release|Any CPU
		{3B9177CF-0BC5-4A73-8EA5-76B5FE268F0A}.Release|Any CPU.ActiveCfg = Release|Any CPU
		{3B9177CF-0BC5-4A73-8EA5-76B5FE268F0A}.Release|Any CPU.Build.0 = Release|Any CPU
	EndGlobalSection
	GlobalSection(SolutionProperties) = preSolution
		HideSolutionNode = FALSE
	EndGlobalSection
	GlobalSection(NestedProjects) = preSolution
		{379CA240-3A70-41C7-A4E3-39489DEA6501} = {854F7BE5-CC25-4469-B544-E932B3EAA1F7}
		{34576216-0DCA-4B0F-A0DC-9075E75A676F} = {379CA240-3A70-41C7-A4E3-39489DEA6501}
		{D6B2480C-2A52-4D02-9477-D387D7A486E5} = {379CA240-3A70-41C7-A4E3-39489DEA6501}
		{760A88F1-7CEA-47FE-86AC-4F75609100F2} = {379CA240-3A70-41C7-A4E3-39489DEA6501}
		{D79203C0-B672-4751-9C95-C3AB7D3FEFBE} = {379CA240-3A70-41C7-A4E3-39489DEA6501}
		{E8B18958-7C8A-4FBA-AF00-3041C34A20CE} = {379CA240-3A70-41C7-A4E3-39489DEA6501}
		{47BC6A5B-9F93-4CAF-B4E4-B37DECFDDCF6} = {854F7BE5-CC25-4469-B544-E932B3EAA1F7}
		{AA85978C-2BF5-419F-9F8E-B70162E83F34} = {47BC6A5B-9F93-4CAF-B4E4-B37DECFDDCF6}
		{655CA737-CD94-4128-B2B5-DCE37EA6E7F8} = {47BC6A5B-9F93-4CAF-B4E4-B37DECFDDCF6}
	EndGlobalSection
EndGlobal
