
Microsoft Visual Studio Solution File, Format Version 12.00
# Visual Studio 14
VisualStudioVersion = 14.0.23107.0
MinimumVisualStudioVersion = 10.0.40219.1
Project("{FAE04EC0-301F-11D3-BF4B-00C04F79EFBC}") = "webapp", "webapp\webapp.csproj", "{603B0D2B-DEFE-4492-AFDE-10BBF6BFC56D}"
EndProject
Project("{FAE04EC0-301F-11D3-BF4B-00C04F79EFBC}") = "api", "api\api.csproj", "{2FEED3DD-C782-49C2-8679-20BEC802396B}"
EndProject
Project("{FAE04EC0-301F-11D3-BF4B-00C04F79EFBC}") = "ring1", "ring1\ring1.csproj", "{475D1067-D631-4145-B09B-E1FD068F57E3}"
EndProject
Project("{2150E333-8FDC-42A3-9474-1A3956D46DE8}") = "fas", "fas", "{854F7BE5-CC25-4469-B544-E932B3EAA1F7}"
EndProject
Project("{2150E333-8FDC-42A3-9474-1A3956D46DE8}") = "nancy", "nancy", "{379CA240-3A70-41C7-A4E3-39489DEA6501}"
EndProject
Project("{FAE04EC0-301F-11D3-BF4B-00C04F79EFBC}") = "Nancy", "fas\Nancy\src\Nancy\Nancy.csproj", "{34576216-0DCA-4B0F-A0DC-9075E75A676F}"
EndProject
Project("{FAE04EC0-301F-11D3-BF4B-00C04F79EFBC}") = "Nancy.Owin", "fas\Nancy\src\Nancy.Owin\Nancy.Owin.csproj", "{D6B2480C-2A52-4D02-9477-D387D7A486E5}"
EndProject
Project("{FAE04EC0-301F-11D3-BF4B-00C04F79EFBC}") = "Nancy.Bootstrappers.Ninject", "fas\Nancy.Bootstrappers.Ninject\src\Nancy.Bootstrappers.Ninject\Nancy.Bootstrappers.Ninject.csproj", "{760A88F1-7CEA-47FE-86AC-4F75609100F2}"
EndProject
Global
	GlobalSection(SolutionConfigurationPlatforms) = preSolution
		Debug|Any CPU = Debug|Any CPU
		MonoDebug|Any CPU = MonoDebug|Any CPU
		MonoRelease|Any CPU = MonoRelease|Any CPU
		Release|Any CPU = Release|Any CPU
	EndGlobalSection
	GlobalSection(ProjectConfigurationPlatforms) = postSolution
		{603B0D2B-DEFE-4492-AFDE-10BBF6BFC56D}.Debug|Any CPU.ActiveCfg = Debug|Any CPU
		{603B0D2B-DEFE-4492-AFDE-10BBF6BFC56D}.Debug|Any CPU.Build.0 = Debug|Any CPU
		{603B0D2B-DEFE-4492-AFDE-10BBF6BFC56D}.MonoDebug|Any CPU.ActiveCfg = Debug|Any CPU
		{603B0D2B-DEFE-4492-AFDE-10BBF6BFC56D}.MonoDebug|Any CPU.Build.0 = Debug|Any CPU
		{603B0D2B-DEFE-4492-AFDE-10BBF6BFC56D}.MonoRelease|Any CPU.ActiveCfg = Release|Any CPU
		{603B0D2B-DEFE-4492-AFDE-10BBF6BFC56D}.MonoRelease|Any CPU.Build.0 = Release|Any CPU
		{603B0D2B-DEFE-4492-AFDE-10BBF6BFC56D}.Release|Any CPU.ActiveCfg = Release|Any CPU
		{603B0D2B-DEFE-4492-AFDE-10BBF6BFC56D}.Release|Any CPU.Build.0 = Release|Any CPU
		{2FEED3DD-C782-49C2-8679-20BEC802396B}.Debug|Any CPU.ActiveCfg = Debug|Any CPU
		{2FEED3DD-C782-49C2-8679-20BEC802396B}.Debug|Any CPU.Build.0 = Debug|Any CPU
		{2FEED3DD-C782-49C2-8679-20BEC802396B}.MonoDebug|Any CPU.ActiveCfg = Debug|Any CPU
		{2FEED3DD-C782-49C2-8679-20BEC802396B}.MonoDebug|Any CPU.Build.0 = Debug|Any CPU
		{2FEED3DD-C782-49C2-8679-20BEC802396B}.MonoRelease|Any CPU.ActiveCfg = Release|Any CPU
		{2FEED3DD-C782-49C2-8679-20BEC802396B}.MonoRelease|Any CPU.Build.0 = Release|Any CPU
		{2FEED3DD-C782-49C2-8679-20BEC802396B}.Release|Any CPU.ActiveCfg = Release|Any CPU
		{2FEED3DD-C782-49C2-8679-20BEC802396B}.Release|Any CPU.Build.0 = Release|Any CPU
		{475D1067-D631-4145-B09B-E1FD068F57E3}.Debug|Any CPU.ActiveCfg = Debug|Any CPU
		{475D1067-D631-4145-B09B-E1FD068F57E3}.Debug|Any CPU.Build.0 = Debug|Any CPU
		{475D1067-D631-4145-B09B-E1FD068F57E3}.MonoDebug|Any CPU.ActiveCfg = Debug|Any CPU
		{475D1067-D631-4145-B09B-E1FD068F57E3}.MonoDebug|Any CPU.Build.0 = Debug|Any CPU
		{475D1067-D631-4145-B09B-E1FD068F57E3}.MonoRelease|Any CPU.ActiveCfg = Release|Any CPU
		{475D1067-D631-4145-B09B-E1FD068F57E3}.MonoRelease|Any CPU.Build.0 = Release|Any CPU
		{475D1067-D631-4145-B09B-E1FD068F57E3}.Release|Any CPU.ActiveCfg = Release|Any CPU
		{475D1067-D631-4145-B09B-E1FD068F57E3}.Release|Any CPU.Build.0 = Release|Any CPU
		{34576216-0DCA-4B0F-A0DC-9075E75A676F}.Debug|Any CPU.ActiveCfg = Debug|Any CPU
		{34576216-0DCA-4B0F-A0DC-9075E75A676F}.Debug|Any CPU.Build.0 = Debug|Any CPU
		{34576216-0DCA-4B0F-A0DC-9075E75A676F}.MonoDebug|Any CPU.ActiveCfg = MonoDebug|Any CPU
		{34576216-0DCA-4B0F-A0DC-9075E75A676F}.MonoDebug|Any CPU.Build.0 = MonoDebug|Any CPU
		{34576216-0DCA-4B0F-A0DC-9075E75A676F}.MonoRelease|Any CPU.ActiveCfg = MonoRelease|Any CPU
		{34576216-0DCA-4B0F-A0DC-9075E75A676F}.MonoRelease|Any CPU.Build.0 = MonoRelease|Any CPU
		{34576216-0DCA-4B0F-A0DC-9075E75A676F}.Release|Any CPU.ActiveCfg = Release|Any CPU
		{34576216-0DCA-4B0F-A0DC-9075E75A676F}.Release|Any CPU.Build.0 = Release|Any CPU
		{D6B2480C-2A52-4D02-9477-D387D7A486E5}.Debug|Any CPU.ActiveCfg = Debug|Any CPU
		{D6B2480C-2A52-4D02-9477-D387D7A486E5}.Debug|Any CPU.Build.0 = Debug|Any CPU
		{D6B2480C-2A52-4D02-9477-D387D7A486E5}.MonoDebug|Any CPU.ActiveCfg = MonoDebug|Any CPU
		{D6B2480C-2A52-4D02-9477-D387D7A486E5}.MonoDebug|Any CPU.Build.0 = MonoDebug|Any CPU
		{D6B2480C-2A52-4D02-9477-D387D7A486E5}.MonoRelease|Any CPU.ActiveCfg = MonoRelease|Any CPU
		{D6B2480C-2A52-4D02-9477-D387D7A486E5}.MonoRelease|Any CPU.Build.0 = MonoRelease|Any CPU
		{D6B2480C-2A52-4D02-9477-D387D7A486E5}.Release|Any CPU.ActiveCfg = Release|Any CPU
		{D6B2480C-2A52-4D02-9477-D387D7A486E5}.Release|Any CPU.Build.0 = Release|Any CPU
		{760A88F1-7CEA-47FE-86AC-4F75609100F2}.Debug|Any CPU.ActiveCfg = Debug|Any CPU
		{760A88F1-7CEA-47FE-86AC-4F75609100F2}.Debug|Any CPU.Build.0 = Debug|Any CPU
		{760A88F1-7CEA-47FE-86AC-4F75609100F2}.MonoDebug|Any CPU.ActiveCfg = Debug|Any CPU
		{760A88F1-7CEA-47FE-86AC-4F75609100F2}.MonoDebug|Any CPU.Build.0 = Debug|Any CPU
		{760A88F1-7CEA-47FE-86AC-4F75609100F2}.MonoRelease|Any CPU.ActiveCfg = Release|Any CPU
		{760A88F1-7CEA-47FE-86AC-4F75609100F2}.MonoRelease|Any CPU.Build.0 = Release|Any CPU
		{760A88F1-7CEA-47FE-86AC-4F75609100F2}.Release|Any CPU.ActiveCfg = Release|Any CPU
		{760A88F1-7CEA-47FE-86AC-4F75609100F2}.Release|Any CPU.Build.0 = Release|Any CPU
	EndGlobalSection
	GlobalSection(SolutionProperties) = preSolution
		HideSolutionNode = FALSE
	EndGlobalSection
	GlobalSection(NestedProjects) = preSolution
		{379CA240-3A70-41C7-A4E3-39489DEA6501} = {854F7BE5-CC25-4469-B544-E932B3EAA1F7}
		{34576216-0DCA-4B0F-A0DC-9075E75A676F} = {379CA240-3A70-41C7-A4E3-39489DEA6501}
		{D6B2480C-2A52-4D02-9477-D387D7A486E5} = {379CA240-3A70-41C7-A4E3-39489DEA6501}
		{760A88F1-7CEA-47FE-86AC-4F75609100F2} = {379CA240-3A70-41C7-A4E3-39489DEA6501}
	EndGlobalSection
EndGlobal
